version = 1
revision = 3
requires-python = ">=3.12, <3.15"
resolution-markers = [
    "python_full_version >= '3.14' and sys_platform == 'win32'",
    "python_full_version >= '3.14' and sys_platform != 'win32'",
    "python_full_version < '3.14' and sys_platform == 'win32'",
    "python_full_version < '3.14' and sys_platform != 'win32'",
]

[[package]]
name = "c-two"
version = "0.5.1"
source = { registry = "https://pypi.org/simple" }
dependencies = [
    { name = "fastdb4py" },
]
sdist = { url = "https://files.pythonhosted.org/packages/d8/ab/f8b0f92d86b056192dce5186fca4cccb69c044e7ab313db94b9dfc094d04/c_two-0.5.1.tar.gz", hash = "sha256:82c3965a49047bad1b97baf8c786589a7424e79816f9bfe4cae39af83a4ddfe3", size = 398891, upload-time = "2026-06-03T09:19:34.986Z" }
wheels = [
    { url = "https://files.pythonhosted.org/packages/18/ef/f96d51db9541e60bd3e1bf6a3b3bd169ddf947e3c10e39e9fdcbaa647424/c_two-0.5.1-cp312-cp312-macosx_10_12_x86_64.whl", hash = "sha256:4488d6f7621d3d3d953509c4b08698c4e44a3c7963f66a456963c7a84c16b91e", size = 2986262, upload-time = "2026-06-03T09:19:11.165Z" },
    { url = "https://files.pythonhosted.org/packages/5a/c1/3b4a98864600e454e45471d457a0f205ff2c7a0e0725de409e3543f14884/c_two-0.5.1-cp312-cp312-macosx_11_0_arm64.whl", hash = "sha256:ba07cd6ad1cd588a5fe66ff9da4fc7a5ee97dbf78dbea185e644ee098ffb4c8a", size = 2898762, upload-time = "2026-06-03T09:19:12.521Z" },
    { url = "https://files.pythonhosted.org/packages/c2/f4/8d2983558b878c9a0060b89354ba927806299359457219377ead718cf04f/c_two-0.5.1-cp312-cp312-manylinux_2_17_aarch64.manylinux2014_aarch64.whl", hash = "sha256:3a404c579151e989d20cf44132e7b524d90b9411f0bf3157d95e4de534b4e7e3", size = 3210699, upload-time = "2026-06-03T09:19:13.97Z" },
    { url = "https://files.pythonhosted.org/packages/0f/20/9555c9f584f0d6a90ab0b2f31678e902c7123e8e87394dbd852b624f7120/c_two-0.5.1-cp312-cp312-manylinux_2_17_x86_64.manylinux2014_x86_64.whl", hash = "sha256:cdfd18e5031a8b11ab01ddedf13f5c8cabd024a1e58ed6a29a1f6579b3bb8154", size = 3190413, upload-time = "2026-06-03T09:19:15.514Z" },
    { url = "https://files.pythonhosted.org/packages/8e/b7/da92545813a7edd3aa9cd0b5544bb0a63c2218b53112d178e745836c0844/c_two-0.5.1-cp313-cp313-macosx_10_12_x86_64.whl", hash = "sha256:e05c37d7afb73a304f90f8b054376d49d5f70dd592076e3f510b65d38a9dbed3", size = 2985644, upload-time = "2026-06-03T09:19:16.972Z" },
    { url = "https://files.pythonhosted.org/packages/fb/2d/85b7e561ec2dfaa4f70d59a319138912d86ea624e2d8add24373485c1ec1/c_two-0.5.1-cp313-cp313-macosx_11_0_arm64.whl", hash = "sha256:50d78e610831cdd14eb7b8fd36ba7d90a71851a8f8397035f1bc5e53ea5e0771", size = 2897847, upload-time = "2026-06-03T09:19:18.483Z" },
    { url = "https://files.pythonhosted.org/packages/f6/9c/bdb3ada18771d86dffbf34c637252e4985eeb7d219ab578ba5d4ce5ef5ba/c_two-0.5.1-cp313-cp313-manylinux_2_17_aarch64.manylinux2014_aarch64.whl", hash = "sha256:eb015a1bd58c7204b7e6e788db04047481f33582e239796d757a88a587ce0041", size = 3210066, upload-time = "2026-06-03T09:19:20.106Z" },
    { url = "https://files.pythonhosted.org/packages/11/28/0966784b2d3bb096857c5f4442989df24ae4b15e5b67a81fc7482f59f433/c_two-0.5.1-cp313-cp313-manylinux_2_17_x86_64.manylinux2014_x86_64.whl", hash = "sha256:2fe8d155010a885a156ecac5340e51d04828759d7ff09d23c273e3146c22c846", size = 3189935, upload-time = "2026-06-03T09:19:21.53Z" },
    { url = "https://files.pythonhosted.org/packages/71/9d/3707d524ee74c104d6246288b123f33ce1158a3c453d9be331f83dbd5c8a/c_two-0.5.1-cp314-cp314-macosx_10_12_x86_64.whl", hash = "sha256:7a7cb6e9c822364c1bf695aa32006c72289e210042fdd8338795ef335938ac51", size = 2986282, upload-time = "2026-06-03T09:19:23.147Z" },
    { url = "https://files.pythonhosted.org/packages/a8/0e/131e194745b872120f5d38a46b2c9d1122d213d9f7d971f5dc9fde0f574e/c_two-0.5.1-cp314-cp314-macosx_11_0_arm64.whl", hash = "sha256:1a0671703ff1aa28f1ab1179efd090d39c0350a824445498fd57fc60398948fb", size = 2898382, upload-time = "2026-06-03T09:19:24.706Z" },
    { url = "https://files.pythonhosted.org/packages/e2/83/fc0270b239c0fffe37af6606137fe8042cd66920a01de0bb51227b8447a7/c_two-0.5.1-cp314-cp314-manylinux_2_17_aarch64.manylinux2014_aarch64.whl", hash = "sha256:426933af22b14b86e828440a3677fe986f53a3f1c7c1791648855658b892afd5", size = 3213134, upload-time = "2026-06-03T09:19:26.08Z" },
    { url = "https://files.pythonhosted.org/packages/3f/e6/ed3cddc28b062cc18469b4848b8b8d328d4d838412d7de9364f9816f9df9/c_two-0.5.1-cp314-cp314-manylinux_2_17_x86_64.manylinux2014_x86_64.whl", hash = "sha256:e88856b797cd1bf265714cfa018efc28da8e8b22c0f79deb436c44eac0b07111", size = 3189583, upload-time = "2026-06-03T09:19:27.626Z" },
    { url = "https://files.pythonhosted.org/packages/f0/73/eb5bd9f7245713cf1c2238ccfc67b62b077bc9872688a558c5020b673478/c_two-0.5.1-cp314-cp314t-macosx_10_12_x86_64.whl", hash = "sha256:ff4f5a038d0f86d85082718c9edb01a03a962ccc37003cbc5ac83622f7c8a9fa", size = 2988324, upload-time = "2026-06-03T09:19:29.2Z" },
    { url = "https://files.pythonhosted.org/packages/98/1d/01a16c416f47a259a2f1de76f7312492ad58c1307fffec8da475f2369688/c_two-0.5.1-cp314-cp314t-macosx_11_0_arm64.whl", hash = "sha256:1820acd4eb9a47c3169c6292b51252f6896d07c38950bb0b827a7b5ddbda0b50", size = 2898998, upload-time = "2026-06-03T09:19:30.691Z" },
    { url = "https://files.pythonhosted.org/packages/08/9c/29c53690591f8814882d250d74990db3ac56b6ddc773c8f004c4a95b661c/c_two-0.5.1-cp314-cp314t-manylinux_2_17_aarch64.manylinux2014_aarch64.whl", hash = "sha256:4a31ea352fe43a5138b726240bdd9c628e9f8137c4c12599024c5ddfb742fa69", size = 3213846, upload-time = "2026-06-03T09:19:31.98Z" },
    { url = "https://files.pythonhosted.org/packages/39/e0/4a0812d094d1ddc11e384b5918b7f9ff7fa13dcbd57a80e8c9e180f57e24/c_two-0.5.1-cp314-cp314t-manylinux_2_17_x86_64.manylinux2014_x86_64.whl", hash = "sha256:eb0306763ab14f6921762cac342e9c9725ce1afc8784a325afe9b957ebaceeda", size = 3194018, upload-time = "2026-06-03T09:19:33.527Z" },
]

[[package]]
name = "fastdb4py"
version = "0.1.22"
source = { registry = "https://pypi.org/simple" }
dependencies = [
    { name = "numpy" },
]
sdist = { url = "https://files.pythonhosted.org/packages/13/39/85e41fde03b68a51974b1d12ca99d1c98a7706b76aa50383e3c547a7c84e/fastdb4py-0.1.22.tar.gz", hash = "sha256:68c41b035dd2750e10c0c65f8ba8d0d6353f50a2e819ab1188594bcf9cf13100", size = 681457, upload-time = "2026-06-03T07:53:22.263Z" }
wheels = [
    { url = "https://files.pythonhosted.org/packages/5b/ee/8cdb8f90df8495df6b1fc481cbe570861788e6c53c3d4488523598139e2c/fastdb4py-0.1.22-cp312-cp312-macosx_10_13_x86_64.whl", hash = "sha256:a878d37fcbcef6cf346090d282cf752c2b907da0462ed5629f0c74d793704edf", size = 667728, upload-time = "2026-06-03T07:52:54.77Z" },
    { url = "https://files.pythonhosted.org/packages/02/50/d113aa74b1c9237ac5fffbc97d22551661f775d0a8b3de0b664b9d1ec125/fastdb4py-0.1.22-cp312-cp312-macosx_11_0_arm64.whl", hash = "sha256:1aa896d7cbdff20b794114df9b326c91ff9bfbc2afa10e84c4f47e659db49614", size = 608517, upload-time = "2026-06-03T07:52:56.072Z" },
    { url = "https://files.pythonhosted.org/packages/2e/b0/15c723523fa00fad3f70d740b10681a290627462fb2a0e2270bcc74a0810/fastdb4py-0.1.22-cp312-cp312-manylinux_2_24_aarch64.manylinux_2_28_aarch64.whl", hash = "sha256:cc604d685505e5b43ff8c45ea5511ede4c0d18f0c057a174b831572e52debff5", size = 737684, upload-time = "2026-06-03T07:52:57.492Z" },
    { url = "https://files.pythonhosted.org/packages/b0/7e/3755d80ed669c06c1ae10d61c3dfa86e3db0914858a9ca8d7da63e128f1c/fastdb4py-0.1.22-cp312-cp312-manylinux_2_24_x86_64.manylinux_2_28_x86_64.whl", hash = "sha256:4da536dcbbec5bf00c1172dfc499f4905b62932c57dbe3f7002c22c4deffba98", size = 767316, upload-time = "2026-06-03T07:52:58.812Z" },
    { url = "https://files.pythonhosted.org/packages/ac/8f/62e33b6fe1e0d9ec4adaa5ed54ff8d59953e10942ad113b3fcd9b3bc71e6/fastdb4py-0.1.22-cp312-cp312-win_amd64.whl", hash = "sha256:5b17de0740c155496ec8c7bfc577bf89a67ee07e997049568fe6667a340d64d1", size = 289386, upload-time = "2026-06-03T07:52:59.932Z" },
    { url = "https://files.pythonhosted.org/packages/29/d7/b0255acbb8244e040342afc54f9a26ee17585fb85b2f0543b06a930030f9/fastdb4py-0.1.22-cp313-cp313-macosx_10_13_x86_64.whl", hash = "sha256:e6dc0d9c3f364e2a07cb487286b343893afbc6563862160bb61f0622e756a458", size = 667308, upload-time = "2026-06-03T07:53:01.1Z" },
    { url = "https://files.pythonhosted.org/packages/08/1e/ac37b7c0b849bc776fecbbc224007ac138cc259d8c22f57f5b457db7fa32/fastdb4py-0.1.22-cp313-cp313-macosx_11_0_arm64.whl", hash = "sha256:6182aab4960a4e7bb6b86276bed9ec7fb92883ed1a24d3aea287fc16c74c73a1", size = 607987, upload-time = "2026-06-03T07:53:02.421Z" },
    { url = "https://files.pythonhosted.org/packages/b9/59/0d9eb2ecd101d30502ac8853e57b9d3111be35a0b4d5bc596c29ed7e9e4d/fastdb4py-0.1.22-cp313-cp313-manylinux_2_24_aarch64.manylinux_2_28_aarch64.whl", hash = "sha256:700af70cefe4e3053d60a8ed59855660f8a765d32a0046277109c25bb078641b", size = 737145, upload-time = "2026-06-03T07:53:03.654Z" },
    { url = "https://files.pythonhosted.org/packages/e6/c6/4d4a4a0557e5b32e8e5649388a4092481d33fcca953ceaf2b583feb095ac/fastdb4py-0.1.22-cp313-cp313-manylinux_2_24_x86_64.manylinux_2_28_x86_64.whl", hash = "sha256:5cd3500fcc6a59ed243e0c29d57574a3529d1a9a54ae1c6a74219816aa6d0bc5", size = 766670, upload-time = "2026-06-03T07:53:04.894Z" },
    { url = "https://files.pythonhosted.org/packages/5a/e7/ffb59e58b9ae68cb693c27d990d18ca5d35d08c302582cea69d65e13e8cf/fastdb4py-0.1.22-cp313-cp313-win_amd64.whl", hash = "sha256:f30feab3ad01a128a96bf21c11b30539b5169860533d8aaff8e384cdb64115e0", size = 288935, upload-time = "2026-06-03T07:53:06.116Z" },
    { url = "https://files.pythonhosted.org/packages/16/f7/e727c0d93a8ce3d9c1949d7ddb5d0177034bb4a0d032d1cf375d41dde49a/fastdb4py-0.1.22-cp314-cp314-macosx_10_15_x86_64.whl", hash = "sha256:0004eed504515bab4fbca2722e2aeb46c13db5823114756911ab09bacc0915bb", size = 668105, upload-time = "2026-06-03T07:53:07.681Z" },
    { url = "https://files.pythonhosted.org/packages/e7/56/e14fc083bf24b837b16f624c08140dbbc28fdd9b1870aae3128fc26a2bab/fastdb4py-0.1.22-cp314-cp314-macosx_11_0_arm64.whl", hash = "sha256:bf0d4cea1dc7d2ff87fff7e7b5baaed0eedc13a5376a9ade17b7193bd508fac4", size = 608045, upload-time = "2026-06-03T07:53:09.051Z" },
    { url = "https://files.pythonhosted.org/packages/70/94/6c7f5ace9aa31d222f9ee7a51efecc0cf94c2373da589b846211db9f837d/fastdb4py-0.1.22-cp314-cp314-manylinux_2_24_aarch64.manylinux_2_28_aarch64.whl", hash = "sha256:c0fcedafe54bd64ec9e4578fd1460d15cbdfcc705daaecae61e10b11b710b1b5", size = 738043, upload-time = "2026-06-03T07:53:10.63Z" },
    { url = "https://files.pythonhosted.org/packages/fa/ab/9829aa20ac5628fccffeda56b6e592b04ca4701a3ed43fc8ca9ac62d6cf5/fastdb4py-0.1.22-cp314-cp314-manylinux_2_24_x86_64.manylinux_2_28_x86_64.whl", hash = "sha256:bd3d3d1ce2131bc09c44012ccfdc5ff51ed76cb7c3380b269ac2c08495d66ad5", size = 766479, upload-time = "2026-06-03T07:53:12.102Z" },
    { url = "https://files.pythonhosted.org/packages/4b/20/46ee35a895f173fbcd01727e20e47ccf1060e557326f9162024486155f58/fastdb4py-0.1.22-cp314-cp314-win_amd64.whl", hash = "sha256:5711f778f9d3ba9eab5697bf197f7a5a1b63cf5e0bac7ead788e3f83d94f13ae", size = 294452, upload-time = "2026-06-03T07:53:13.49Z" },
    { url = "https://files.pythonhosted.org/packages/ac/a5/770c75b5e46339078138d53a3f652c7907d75685aeec72cecea5e286d696/fastdb4py-0.1.22-cp314-cp314t-macosx_10_15_x86_64.whl", hash = "sha256:74fd6140b734e1b2139d729a032695da1e527275452e68574b6c1bdc62bd8406", size = 672625, upload-time = "2026-06-03T07:53:14.77Z" },
    { url = "https://files.pythonhosted.org/packages/df/3d/5522cbc9592107dbf8e490bb6067a9ba35f3f7b0d34244ad72e7a116934d/fastdb4py-0.1.22-cp314-cp314t-macosx_11_0_arm64.whl", hash = "sha256:64aca6a7dbd9432b5655bc6d61c1a94411b93babc95d2c74ece7825fedd6e587", size = 611236, upload-time = "2026-06-03T07:53:15.949Z" },
    { url = "https://files.pythonhosted.org/packages/ca/0b/86a077bae890dbbab63240d61fb46ac0d1a77eeda67d846b7d1f77eb3204/fastdb4py-0.1.22-cp314-cp314t-manylinux_2_24_aarch64.manylinux_2_28_aarch64.whl", hash = "sha256:ab097a01248086b2a7a04ff5c7e25e9219fda7f4771e44e06ff50f5c6a4fa089", size = 735640, upload-time = "2026-06-03T07:53:17.375Z" },
    { url = "https://files.pythonhosted.org/packages/6d/d6/1e0101f65f5eeb3cab08d2f7647f1e84f108f7a704441b60e10e145a7db1/fastdb4py-0.1.22-cp314-cp314t-manylinux_2_24_x86_64.manylinux_2_28_x86_64.whl", hash = "sha256:6ea9ac05b769675dbfc8028c14933564ce6929dca2397cf4a915e733340db8b3", size = 759542, upload-time = "2026-06-03T07:53:19.125Z" },
    { url = "https://files.pythonhosted.org/packages/1d/8e/3d4ace99ca63c41e022a338766b0e9317633ba9ee9826434712b4eab36c9/fastdb4py-0.1.22-cp314-cp314t-win_amd64.whl", hash = "sha256:d40f86d1348bda23b64809541dfba94a6b38022dea474721659db7336b7104fd", size = 303204, upload-time = "2026-06-03T07:53:20.876Z" },
]

[[package]]
name = "hey-my-buddy"
version = "0.4.0"
source = { editable = "." }
dependencies = [
    { name = "c-two" },
    { name = "pyyaml" },
]

[package.metadata]
requires-dist = [
    { name = "c-two", specifier = "==0.5.1" },
    { name = "pyyaml", specifier = ">=6,<7" },
]

[[package]]
name = "numpy"
version = "2.5.3"
source = { registry = "https://pypi.org/simple" }
sdist = { url = "https://files.pythonhosted.org/packages/13/01/11703282db468b85f6f7b8c7f22d058de5970d5c7e60a3a8aaa313c3de36/numpy-2.5.3.tar.gz", hash = "sha256:df2d5874ff183595a4ba404edd04f6bd9b5505c1d7708573f6a6c17489a67563", size = 20791231, upload-time = "2026-09-06T16:27:47.073Z" }
wheels = [
    { url = "https://files.pythonhosted.org/packages/d6/50/8fdbb16af64895706a45f06a4068e29db732ec180f3c1375f14123359138/numpy-2.5.3-cp312-cp312-macosx_10_13_x86_64.whl", hash = "sha256:cb189f09db39283b26bfd061ec16189e14f71c6755207f72a0f7540867afe5b9", size = 16994982, upload-time = "2026-09-06T16:24:29.244Z" },
    { url = "https://files.pythonhosted.org/packages/60/39/789131c1188c078dcb3a1692e72e1e050c68b88ffe72c9ccaac9bcd7a9cd/numpy-2.5.3-cp312-cp312-macosx_11_0_arm64.whl", hash = "sha256:f59a878c33d6b88122d80d239bb3b845d58708750b0cb06a09aebb9b18ec696c", size = 12009327, upload-time = "2026-09-06T16:24:32.491Z" },
    { url = "https://files.pythonhosted.org/packages/9c/59/a312e95696e5f601914dd8b6dd844692ba61670807417e24b68e337b5c70/numpy-2.5.3-cp312-cp312-macosx_14_0_arm64.whl", hash = "sha256:a72f874bc9e10e4b8f80426fb49716d5141f64442a0c8418065093ec8017fbb0", size = 5445405, upload-time = "2026-09-06T16:24:35.071Z" },
    { url = "https://files.pythonhosted.org/packages/30/d0/5623a1707ed4fe16e3909fe3cf5ee3da004ae677ad23d83bbf3adf1a6faf/numpy-2.5.3-cp312-cp312-macosx_14_0_x86_64.whl", hash = "sha256:fc36dc566135b5eceec4cf89758fcb719266a019ef07dae1754ae7c9f617ef3e", size = 6783213, upload-time = "2026-09-06T16:24:37.253Z" },
    { url = "https://files.pythonhosted.org/packages/f1/32/84146fc020ad3c25f805f70ab60da46fe3c540a21369754a7e4369754b6f/numpy-2.5.3-cp312-cp312-manylinux_2_27_aarch64.manylinux_2_28_aarch64.whl", hash = "sha256:76c2c1e6bfa5c84adc6434dfbf013aa92096a7985221762c8f11fedfd20fff58", size = 15687872, upload-time = "2026-09-06T16:24:39.751Z" },
    { url = "https://files.pythonhosted.org/packages/65/af/aa78d1a88805456e212b65461354cd943197fb9acecc4c90fd12295123a3/numpy-2.5.3-cp312-cp312-manylinux_2_27_x86_64.manylinux_2_28_x86_64.whl", hash = "sha256:b7e18c623bb5c95acb3b3328861272816ba199fb531921c5d6d0b675f1fde9e3", size = 16717410, upload-time = "2026-09-06T16:24:42.745Z" },
    { url = "https://files.pythonhosted.org/packages/3b/24/faa79d865e69a97ba17473b23a1b74094b2259c03e820c70297293b9ea49/numpy-2.5.3-cp312-cp312-musllinux_1_2_aarch64.whl", hash = "sha256:4f8929ee6c96bfbd7b4ed2032e0c03af86fe1826740ab61ddabf9072d06e57ff", size = 17040975, upload-time = "2026-09-06T16:24:45.961Z" },
    { url = "https://files.pythonhosted.org/packages/62/4a/8877e629445a7176297dffcaf9c485faa96a95d81728a62521ad55bd4c0f/numpy-2.5.3-cp312-cp312-musllinux_1_2_x86_64.whl", hash = "sha256:b5d93cf48f687479941d12b69c873ad2cc76bbd487f0091c2200636497f34034", size = 18476479, upload-time = "2026-09-06T16:24:49.35Z" },
    { url = "https://files.pythonhosted.org/packages/c8/db/35e1c2d38b04cbd5b731f9d71495e055e813197669d22b612f11748d2ff9/numpy-2.5.3-cp312-cp312-win32.whl", hash = "sha256:bf63afbe037eb5d2fe87fbcc7778e61da53ebaf21d938a4515aa73b62532a5d4", size = 6133378, upload-time = "2026-09-06T16:24:51.915Z" },
    { url = "https://files.pythonhosted.org/packages/3c/a1/accf6d4f0c80c5d9ba9735d6b1550e444180599f34dec69ca01360f717ad/numpy-2.5.3-cp312-cp312-win_amd64.whl", hash = "sha256:0a59a421a32580a009e8a1751345bf829631b990dc1794b80514ab722b435def", size = 12567828, upload-time = "2026-09-06T16:24:54.255Z" },
    { url = "https://files.pythonhosted.org/packages/22/43/1764aff32e4652526ae2f71fa8b3efd8d25c8a3d6926914454e47138ed1e/numpy-2.5.3-cp312-cp312-win_arm64.whl", hash = "sha256:ccb32e0525d29e8b0572eb84c9a57af0e7a4e615726927506f55063c62414034", size = 10485432, upload-time = "2026-09-06T16:24:57.278Z" },
    { url = "https://files.pythonhosted.org/packages/79/e5/8fb89cd46d14e35699d13bf943a5f5f441ecee8667120a1f6105ab89e349/numpy-2.5.3-cp313-cp313-macosx_10_13_x86_64.whl", hash = "sha256:66a78fe4556c60aceda5916f9eacd638b18e9e681016ec302dcb4682d6d4d034", size = 16991061, upload-time = "2026-09-06T16:25:00.411Z" },
    { url = "https://files.pythonhosted.org/packages/2f/06/9dc9e48b5e5e941c8b10350c5ff2d721da42a20517d911d15544246775ff/numpy-2.5.3-cp313-cp313-macosx_11_0_arm64.whl", hash = "sha256:92f30e89b8ee0ecf363033576c422b2f58fed6a80bed0aa48dff6d14c654663e", size = 12003676, upload-time = "2026-09-06T16:25:03.475Z" },
    { url = "https://files.pythonhosted.org/packages/ab/2a/98282aa5b8f58b1157d440bb6282eed47e3632a5de53a714fbab17e659fe/numpy-2.5.3-cp313-cp313-macosx_14_0_arm64.whl", hash = "sha256:f9a2353b37a1a9e78fd82b27ad7e2a32a2d036604d18f02b05e3136c62ca3b09", size = 5439695, upload-time = "2026-09-06T16:25:05.978Z" },
    { url = "https://files.pythonhosted.org/packages/a1/f9/b6533d777be9d6ffd29dc1be0867e563e6e8cc9a220ff1b716adc317f060/numpy-2.5.3-cp313-cp313-macosx_14_0_x86_64.whl", hash = "sha256:ccbc4665079665c3cf3bab4db9f6b095370cd6437d66be549b6c2a1fd19e1958", size = 6779395, upload-time = "2026-09-06T16:25:08.599Z" },
    { url = "https://files.pythonhosted.org/packages/73/85/735720d04ec197c5dcfacdfc9922667c7f1f5f496a279b7ba4d7c74c4cc7/numpy-2.5.3-cp313-cp313-manylinux_2_27_aarch64.manylinux_2_28_aarch64.whl", hash = "sha256:c76d5dde9f445058f83d0c02af00557a4db91de9a9a57c0df87d1535001d654b", size = 15681750, upload-time = "2026-09-06T16:25:11.173Z" },
    { url = "https://files.pythonhosted.org/packages/3a/1b/3b16a9bc514a440a7a0883684111dcb1ef1aee960af2ca95da8fc775f124/numpy-2.5.3-cp313-cp313-manylinux_2_27_x86_64.manylinux_2_28_x86_64.whl", hash = "sha256:a5fa86b80fd24bcd1aff83ad23be44ea323de3f787be8f8b15d4a65621e25321", size = 16708577, upload-time = "2026-09-06T16:25:14.171Z" },
    { url = "https://files.pythonhosted.org/packages/69/c4/386f397831b07328b639c96c5b62719346cf4baf07c68d927239752b1534/numpy-2.5.3-cp313-cp313-musllinux_1_2_aarch64.whl", hash = "sha256:bd4cb9ad3c7889b9b3fe0a9a9fb5d2ed26f9879bff2608d9f01aed147a20d231", size = 17042047, upload-time = "2026-09-06T16:25:17.582Z" },
    { url = "https://files.pythonhosted.org/packages/5f/3e/a700ecbf36e85ae8328fd3b0e12eeddc22ed6358a64cb2bd913e0d195d65/numpy-2.5.3-cp313-cp313-musllinux_1_2_x86_64.whl", hash = "sha256:1302b90c0e52281681b2975adfe8a860cb7b12216a27b4b0b4207c44bf7bccf0", size = 18465724, upload-time = "2026-09-06T16:25:20.949Z" },
    { url = "https://files.pythonhosted.org/packages/41/ee/38e785e88a4045f6ad1d1f2808dcdfafdca48c760260c0587bf171e29fc9/numpy-2.5.3-cp313-cp313-win32.whl", hash = "sha256:1c80eabb4035ecf4ca9cd49cde8a9fdd69a729e63e6474887d1523ade7aa277f", size = 6129003, upload-time = "2026-09-06T16:25:23.664Z" },
    { url = "https://files.pythonhosted.org/packages/f3/ec/100f2b1794ede74a9b3d7ec6b9736927f56713414c1dfe19ab6c383494bf/numpy-2.5.3-cp313-cp313-win_amd64.whl", hash = "sha256:71cad2b2a7451ab79d8f5e71b453485b6775963d5cf794179144a7463fe6e8ec", size = 12560965, upload-time = "2026-09-06T16:25:26.602Z" },
    { url = "https://files.pythonhosted.org/packages/80/b1/7dc825ca94c12acebbce4c37caa5e198695eb31424bc579679f32b1bb49d/numpy-2.5.3-cp313-cp313-win_arm64.whl", hash = "sha256:8e4dd766076855b5ff7ea52fa5f07ce26286726e0f8bff446b7739d02e6ea204", size = 10482343, upload-time = "2026-09-06T16:25:29.772Z" },
    { url = "https://files.pythonhosted.org/packages/70/78/cf416f15dc29375a229d9dfebf8db6e313f291580b39fa1a568b6052bb07/numpy-2.5.3-cp314-cp314-macosx_10_15_x86_64.whl", hash = "sha256:350ba9783ce969cf9f7ce6e6a9a58e1a6e2a19ca025b7ee448c4db727706212a", size = 16998686, upload-time = "2026-09-06T16:25:33.171Z" },
    { url = "https://files.pythonhosted.org/packages/9e/59/abcc2d8def4fd60eec7d87f92d27c13448ffd9ab14339bcc63a0d7a2fdea/numpy-2.5.3-cp314-cp314-macosx_11_0_arm64.whl", hash = "sha256:012e66aca395d795496446e52aeeb5866312a5d4d3f27da270e5a0b43f70dc5c", size = 12013862, upload-time = "2026-09-06T16:25:36.748Z" },
    { url = "https://files.pythonhosted.org/packages/94/75/4640d2d6e4b64a049e48425a82728a41ef4adb61332d2cba68055774878b/numpy-2.5.3-cp314-cp314-macosx_14_0_arm64.whl", hash = "sha256:adc1ada2662f8a5f960b8a10d9986897e7499ef07e06d4cfe7197f8cce923c07", size = 5449793, upload-time = "2026-09-06T16:25:39.476Z" },
    { url = "https://files.pythonhosted.org/packages/96/cd/625b57ae33d4ca560f32cc0b47b4a5922146d9beb998ddf773900d440a73/numpy-2.5.3-cp314-cp314-macosx_14_0_x86_64.whl", hash = "sha256:54a115e5a73b8fc44f0cebef486365a1894b5c9760685d4558b72b7c3eb846e0", size = 6785176, upload-time = "2026-09-06T16:25:42.069Z" },
    { url = "https://files.pythonhosted.org/packages/9c/72/12918652e7912ef9751e8694c88820fcd1908e0618cb23f5f3caa6004b7b/numpy-2.5.3-cp314-cp314-manylinux_2_27_aarch64.manylinux_2_28_aarch64.whl", hash = "sha256:be5a8381859b6da607c84f4f7d6847725f1cf1853ef8a2c9e115b7d58bef47dc", size = 15703377, upload-time = "2026-09-06T16:25:45.135Z" },
    { url = "https://files.pythonhosted.org/packages/45/8f/9beacf79ca7c650688ad0baa80931adb988fe6e6e5d5903c23cc3dbd70eb/numpy-2.5.3-cp314-cp314-manylinux_2_27_x86_64.manylinux_2_28_x86_64.whl", hash = "sha256:b0521d0f4aebb6e06189451025fa17a913287b13c03d5fe05c017333b654ea5b", size = 16711928, upload-time = "2026-09-06T16:25:48.461Z" },
    { url = "https://files.pythonhosted.org/packages/09/8d/41d0a56e1ac4c87495c897a211b1368691b7237aadabec8b3b8f3a74d48f/numpy-2.5.3-cp314-cp314-musllinux_1_2_aarch64.whl", hash = "sha256:9deb49575e5b0b94ed72c8a64ec4d033381adc27e9060ae842971f697ba96104", size = 17059507, upload-time = "2026-09-06T16:25:51.873Z" },
    { url = "https://files.pythonhosted.org/packages/08/1e/0dfbc5cc251d54e2af790f254d24ec38637fa97ec7d5d11de7ffed787098/numpy-2.5.3-cp314-cp314-musllinux_1_2_x86_64.whl", hash = "sha256:b00eefbcf0f292945c4b4dec2ae845389ef5bcdcd596e6e4328051db5b5ba694", size = 18471002, upload-time = "2026-09-06T16:25:55.233Z" },
    { url = "https://files.pythonhosted.org/packages/b5/2c/dfa40f6991f8185c8c30ffd023dfcbb11888e823cfab9557b920f3bb7bed/numpy-2.5.3-cp314-cp314-win32.whl", hash = "sha256:c2381f82999704f818e2c987a865050e285ec3621262c66d40f5a96c8f899f8e", size = 6180485, upload-time = "2026-09-06T16:25:58.157Z" },
    { url = "https://files.pythonhosted.org/packages/a4/73/d2c08231e4fde7e415501fd02c715d96e98599b2d8384445933944152984/numpy-2.5.3-cp314-cp314-win_amd64.whl", hash = "sha256:2c25dfa72943e4336ddb6b0ee4277b47a0c85bede0807530ec68103bf58e2c10", size = 12698179, upload-time = "2026-09-06T16:26:00.789Z" },
    { url = "https://files.pythonhosted.org/packages/5c/e9/dcdcc9b95cf5f49815055573aee1b11cfbf5299f38a180e437ded050810f/numpy-2.5.3-cp314-cp314-win_arm64.whl", hash = "sha256:15aa985ac73a8db02db7663381aa109510449d3819d37206caed27b33a65a8a6", size = 10769383, upload-time = "2026-09-06T16:26:04.011Z" },
    { url = "https://files.pythonhosted.org/packages/49/c4/af8bc08a7ef4e1529a7c0cf24969accce316b783999802089a581ec99272/numpy-2.5.3-cp314-cp314t-macosx_11_0_arm64.whl", hash = "sha256:ac7bb1c52d445bd4f8f7f97fefe6abc3a084dc4d63df50d79b17fa2b78e89297", size = 12132668, upload-time = "2026-09-06T16:26:07.138Z" },
    { url = "https://files.pythonhosted.org/packages/c5/ae/0f15eb56d4ec5e13c1f7ff04ff407f997d1acbadb45d3e1f2e2645a8f43c/numpy-2.5.3-cp314-cp314t-macosx_14_0_arm64.whl", hash = "sha256:e6ab667ba76450084eb64013762c438ea76d9d29cc676dcd6c2e9892ba37f841", size = 5568580, upload-time = "2026-09-06T16:26:09.828Z" },
    { url = "https://files.pythonhosted.org/packages/23/fb/c72a8f25d4b6e96c354e7ab45ace3b27dc11e5d6a13b6c7d0cd6b08bf112/numpy-2.5.3-cp314-cp314t-macosx_14_0_x86_64.whl", hash = "sha256:f7fabeb6cea87d65f3b926de33d03fb016cfdc29314c90974383b5582ae72891", size = 6882634, upload-time = "2026-09-06T16:26:12.524Z" },
    { url = "https://files.pythonhosted.org/packages/07/a9/968c90ed2ab15060c338e8137f1215b5a60756ae07328e0a60d1c6734df4/numpy-2.5.3-cp314-cp314t-manylinux_2_27_aarch64.manylinux_2_28_aarch64.whl", hash = "sha256:1fb6f8fb9ff0b3a69f52c66ce397b0246583e9f28616231b0e32ca49259a5fa6", size = 15748923, upload-time = "2026-09-06T16:26:15.092Z" },
    { url = "https://files.pythonhosted.org/packages/59/08/9df04103947b95e3b6b1f2ed1a70521f325647a31b82da6a2aae3a485508/numpy-2.5.3-cp314-cp314t-manylinux_2_27_x86_64.manylinux_2_28_x86_64.whl", hash = "sha256:93e1f5447e2b1e479d7bd74701e84746b86450cff1fc368b132d195e2b8f8211", size = 16746748, upload-time = "2026-09-06T16:26:18.43Z" },
    { url = "https://files.pythonhosted.org/packages/41/a0/14c8d5fe5b53a334aabb653deb391c0fef49558f491880ea300ed6785224/numpy-2.5.3-cp314-cp314t-musllinux_1_2_aarch64.whl", hash = "sha256:c00abe94c1a69d75d827dcf1c025b25c8a45d230b3bcd77a9020883a1b047653", size = 17111561, upload-time = "2026-09-06T16:26:22.113Z" },
    { url = "https://files.pythonhosted.org/packages/c4/a6/d7e96e42f01522e154c32489640f16dfc4f6181d165d05fc3bec8c2c4999/numpy-2.5.3-cp314-cp314t-musllinux_1_2_x86_64.whl", hash = "sha256:536f963710a4e63934d80ac0dc4f478804a83e9a84b6828018f25d09953ada33", size = 18513945, upload-time = "2026-09-06T16:26:25.401Z" },
    { url = "https://files.pythonhosted.org/packages/25/39/3453afb7119d0449ef11c886874120ff180e2c337760e0e2d88f70f1a945/numpy-2.5.3-cp314-cp314t-win32.whl", hash = "sha256:4c8a6d2ebce6305fd82fbefca827775437147052a976ee7c94b36a0c1b52ac6c", size = 6335421, upload-time = "2026-09-06T16:26:28.175Z" },
    { url = "https://files.pythonhosted.org/packages/99/01/22815d2b19a1a746b1d45205cffebb3fe511a18acb75fba6c88491fc9894/numpy-2.5.3-cp314-cp314t-win_amd64.whl", hash = "sha256:9a37475425b431b4d060f23b4f52cd2f3aef6bc7c654bd760adf0040eec9d435", size = 12896420, upload-time = "2026-09-06T16:26:31.265Z" },
    { url = "https://files.pythonhosted.org/packages/fa/ee/a7cbba67eeaff038dc29ca8b98a88396c8b0cc9c89d4924f4a27a5c9150b/numpy-2.5.3-cp314-cp314t-win_arm64.whl", hash = "sha256:2d8240cb4c16fd831074aa2b2cf9fc54664d826341d61c372245b96a74a49a9a", size = 10857177, upload-time = "2026-09-06T16:26:34.167Z" },
]

[[package]]
name = "pyyaml"
version = "6.0.3"
source = { registry = "https://pypi.org/simple" }
sdist = { url = "https://files.pythonhosted.org/packages/05/8e/961c0007c59b8dd7729d542c61a4d537767a59645b82a0b521206e1e25c2/pyyaml-6.0.3.tar.gz", hash = "sha256:d76623373421df22fb4cf8817020cbb7ef15c725b9d5e45f17e189bfc384190f", size = 130960, upload-time = "2025-09-25T21:33:16.546Z" }
wheels = [
    { url = "https://files.pythonhosted.org/packages/d1/33/422b98d2195232ca1826284a76852ad5a86fe23e31b009c9886b2d0fb8b2/pyyaml-6.0.3-cp312-cp312-macosx_10_13_x86_64.whl", hash = "sha256:7f047e29dcae44602496db43be01ad42fc6f1cc0d8cd6c83d342306c32270196", size = 182063, upload-time = "2025-09-25T21:32:11.445Z" },
    { url = "https://files.pythonhosted.org/packages/89/a0/6cf41a19a1f2f3feab0e9c0b74134aa2ce6849093d5517a0c550fe37a648/pyyaml-6.0.3-cp312-cp312-macosx_11_0_arm64.whl", hash = "sha256:fc09d0aa354569bc501d4e787133afc08552722d3ab34836a80547331bb5d4a0", size = 173973, upload-time = "2025-09-25T21:32:12.492Z" },
    { url = "https://files.pythonhosted.org/packages/ed/23/7a778b6bd0b9a8039df8b1b1d80e2e2ad78aa04171592c8a5c43a56a6af4/pyyaml-6.0.3-cp312-cp312-manylinux2014_aarch64.manylinux_2_17_aarch64.manylinux_2_28_aarch64.whl", hash = "sha256:9149cad251584d5fb4981be1ecde53a1ca46c891a79788c0df828d2f166bda28", size = 775116, upload-time = "2025-09-25T21:32:13.652Z" },
    { url = "https://files.pythonhosted.org/packages/65/30/d7353c338e12baef4ecc1b09e877c1970bd3382789c159b4f89d6a70dc09/pyyaml-6.0.3-cp312-cp312-manylinux2014_s390x.manylinux_2_17_s390x.manylinux_2_28_s390x.whl", hash = "sha256:5fdec68f91a0c6739b380c83b951e2c72ac0197ace422360e6d5a959d8d97b2c", size = 844011, upload-time = "2025-09-25T21:32:15.21Z" },
    { url = "https://files.pythonhosted.org/packages/8b/9d/b3589d3877982d4f2329302ef98a8026e7f4443c765c46cfecc8858c6b4b/pyyaml-6.0.3-cp312-cp312-manylinux2014_x86_64.manylinux_2_17_x86_64.manylinux_2_28_x86_64.whl", hash = "sha256:ba1cc08a7ccde2d2ec775841541641e4548226580ab850948cbfda66a1befcdc", size = 807870, upload-time = "2025-09-25T21:32:16.431Z" },
    { url = "https://files.pythonhosted.org/packages/05/c0/b3be26a015601b822b97d9149ff8cb5ead58c66f981e04fedf4e762f4bd4/pyyaml-6.0.3-cp312-cp312-musllinux_1_2_aarch64.whl", hash = "sha256:8dc52c23056b9ddd46818a57b78404882310fb473d63f17b07d5c40421e47f8e", size = 761089, upload-time = "2025-09-25T21:32:17.56Z" },
    { url = "https://files.pythonhosted.org/packages/be/8e/98435a21d1d4b46590d5459a22d88128103f8da4c2d4cb8f14f2a96504e1/pyyaml-6.0.3-cp312-cp312-musllinux_1_2_x86_64.whl", hash = "sha256:41715c910c881bc081f1e8872880d3c650acf13dfa8214bad49ed4cede7c34ea", size = 790181, upload-time = "2025-09-25T21:32:18.834Z" },
    { url = "https://files.pythonhosted.org/packages/74/93/7baea19427dcfbe1e5a372d81473250b379f04b1bd3c4c5ff825e2327202/pyyaml-6.0.3-cp312-cp312-win32.whl", hash = "sha256:96b533f0e99f6579b3d4d4995707cf36df9100d67e0c8303a0c55b27b5f99bc5", size = 137658, upload-time = "2025-09-25T21:32:20.209Z" },
    { url = "https://files.pythonhosted.org/packages/86/bf/899e81e4cce32febab4fb42bb97dcdf66bc135272882d1987881a4b519e9/pyyaml-6.0.3-cp312-cp312-win_amd64.whl", hash = "sha256:5fcd34e47f6e0b794d17de1b4ff496c00986e1c83f7ab2fb8fcfe9616ff7477b", size = 154003, upload-time = "2025-09-25T21:32:21.167Z" },
    { url = "https://files.pythonhosted.org/packages/1a/08/67bd04656199bbb51dbed1439b7f27601dfb576fb864099c7ef0c3e55531/pyyaml-6.0.3-cp312-cp312-win_arm64.whl", hash = "sha256:64386e5e707d03a7e172c0701abfb7e10f0fb753ee1d773128192742712a98fd", size = 140344, upload-time = "2025-09-25T21:32:22.617Z" },
    { url = "https://files.pythonhosted.org/packages/d1/11/0fd08f8192109f7169db964b5707a2f1e8b745d4e239b784a5a1dd80d1db/pyyaml-6.0.3-cp313-cp313-macosx_10_13_x86_64.whl", hash = "sha256:8da9669d359f02c0b91ccc01cac4a67f16afec0dac22c2ad09f46bee0697eba8", size = 181669, upload-time = "2025-09-25T21:32:23.673Z" },
    { url = "https://files.pythonhosted.org/packages/b1/16/95309993f1d3748cd644e02e38b75d50cbc0d9561d21f390a76242ce073f/pyyaml-6.0.3-cp313-cp313-macosx_11_0_arm64.whl", hash = "sha256:2283a07e2c21a2aa78d9c4442724ec1eb15f5e42a723b99cb3d822d48f5f7ad1", size = 173252, upload-time = "2025-09-25T21:32:25.149Z" },
    { url = "https://files.pythonhosted.org/packages/50/31/b20f376d3f810b9b2371e72ef5adb33879b25edb7a6d072cb7ca0c486398/pyyaml-6.0.3-cp313-cp313-manylinux2014_aarch64.manylinux_2_17_aarch64.manylinux_2_28_aarch64.whl", hash = "sha256:ee2922902c45ae8ccada2c5b501ab86c36525b883eff4255313a253a3160861c", size = 767081, upload-time = "2025-09-25T21:32:26.575Z" },
    { url = "https://files.pythonhosted.org/packages/49/1e/a55ca81e949270d5d4432fbbd19dfea5321eda7c41a849d443dc92fd1ff7/pyyaml-6.0.3-cp313-cp313-manylinux2014_s390x.manylinux_2_17_s390x.manylinux_2_28_s390x.whl", hash = "sha256:a33284e20b78bd4a18c8c2282d549d10bc8408a2a7ff57653c0cf0b9be0afce5", size = 841159, upload-time = "2025-09-25T21:32:27.727Z" },
    { url = "https://files.pythonhosted.org/packages/74/27/e5b8f34d02d9995b80abcef563ea1f8b56d20134d8f4e5e81733b1feceb2/pyyaml-6.0.3-cp313-cp313-manylinux2014_x86_64.manylinux_2_17_x86_64.manylinux_2_28_x86_64.whl", hash = "sha256:0f29edc409a6392443abf94b9cf89ce99889a1dd5376d94316ae5145dfedd5d6", size = 801626, upload-time = "2025-09-25T21:32:28.878Z" },
    { url = "https://files.pythonhosted.org/packages/f9/11/ba845c23988798f40e52ba45f34849aa8a1f2d4af4b798588010792ebad6/pyyaml-6.0.3-cp313-cp313-musllinux_1_2_aarch64.whl", hash = "sha256:f7057c9a337546edc7973c0d3ba84ddcdf0daa14533c2065749c9075001090e6", size = 753613, upload-time = "2025-09-25T21:32:30.178Z" },
    { url = "https://files.pythonhosted.org/packages/3d/e0/7966e1a7bfc0a45bf0a7fb6b98ea03fc9b8d84fa7f2229e9659680b69ee3/pyyaml-6.0.3-cp313-cp313-musllinux_1_2_x86_64.whl", hash = "sha256:eda16858a3cab07b80edaf74336ece1f986ba330fdb8ee0d6c0d68fe82bc96be", size = 794115, upload-time = "2025-09-25T21:32:31.353Z" },
    { url = "https://files.pythonhosted.org/packages/de/94/980b50a6531b3019e45ddeada0626d45fa85cbe22300844a7983285bed3b/pyyaml-6.0.3-cp313-cp313-win32.whl", hash = "sha256:d0eae10f8159e8fdad514efdc92d74fd8d682c933a6dd088030f3834bc8e6b26", size = 137427, upload-time = "2025-09-25T21:32:32.58Z" },
    { url = "https://files.pythonhosted.org/packages/97/c9/39d5b874e8b28845e4ec2202b5da735d0199dbe5b8fb85f91398814a9a46/pyyaml-6.0.3-cp313-cp313-win_amd64.whl", hash = "sha256:79005a0d97d5ddabfeeea4cf676af11e647e41d81c9a7722a193022accdb6b7c", size = 154090, upload-time = "2025-09-25T21:32:33.659Z" },
    { url = "https://files.pythonhosted.org/packages/73/e8/2bdf3ca2090f68bb3d75b44da7bbc71843b19c9f2b9cb9b0f4ab7a5a4329/pyyaml-6.0.3-cp313-cp313-win_arm64.whl", hash = "sha256:5498cd1645aa724a7c71c8f378eb29ebe23da2fc0d7a08071d89469bf1d2defb", size = 140246, upload-time = "2025-09-25T21:32:34.663Z" },
    { url = "https://files.pythonhosted.org/packages/9d/8c/f4bd7f6465179953d3ac9bc44ac1a8a3e6122cf8ada906b4f96c60172d43/pyyaml-6.0.3-cp314-cp314-macosx_10_13_x86_64.whl", hash = "sha256:8d1fab6bb153a416f9aeb4b8763bc0f22a5586065f86f7664fc23339fc1c1fac", size = 181814, upload-time = "2025-09-25T21:32:35.712Z" },
    { url = "https://files.pythonhosted.org/packages/bd/9c/4d95bb87eb2063d20db7b60faa3840c1b18025517ae857371c4dd55a6b3a/pyyaml-6.0.3-cp314-cp314-macosx_11_0_arm64.whl", hash = "sha256:34d5fcd24b8445fadc33f9cf348c1047101756fd760b4dacb5c3e99755703310", size = 173809, upload-time = "2025-09-25T21:32:36.789Z" },
    { url = "https://files.pythonhosted.org/packages/92/b5/47e807c2623074914e29dabd16cbbdd4bf5e9b2db9f8090fa64411fc5382/pyyaml-6.0.3-cp314-cp314-manylinux2014_aarch64.manylinux_2_17_aarch64.manylinux_2_28_aarch64.whl", hash = "sha256:501a031947e3a9025ed4405a168e6ef5ae3126c59f90ce0cd6f2bfc477be31b7", size = 766454, upload-time = "2025-09-25T21:32:37.966Z" },
    { url = "https://files.pythonhosted.org/packages/02/9e/e5e9b168be58564121efb3de6859c452fccde0ab093d8438905899a3a483/pyyaml-6.0.3-cp314-cp314-manylinux2014_s390x.manylinux_2_17_s390x.manylinux_2_28_s390x.whl", hash = "sha256:b3bc83488de33889877a0f2543ade9f70c67d66d9ebb4ac959502e12de895788", size = 836355, upload-time = "2025-09-25T21:32:39.178Z" },
    { url = "https://files.pythonhosted.org/packages/88/f9/16491d7ed2a919954993e48aa941b200f38040928474c9e85ea9e64222c3/pyyaml-6.0.3-cp314-cp314-manylinux2014_x86_64.manylinux_2_17_x86_64.manylinux_2_28_x86_64.whl", hash = "sha256:c458b6d084f9b935061bc36216e8a69a7e293a2f1e68bf956dcd9e6cbcd143f5", size = 794175, upload-time = "2025-09-25T21:32:40.865Z" },
    { url = "https://files.pythonhosted.org/packages/dd/3f/5989debef34dc6397317802b527dbbafb2b4760878a53d4166579111411e/pyyaml-6.0.3-cp314-cp314-musllinux_1_2_aarch64.whl", hash = "sha256:7c6610def4f163542a622a73fb39f534f8c101d690126992300bf3207eab9764", size = 755228, upload-time = "2025-09-25T21:32:42.084Z" },
    { url = "https://files.pythonhosted.org/packages/d7/ce/af88a49043cd2e265be63d083fc75b27b6ed062f5f9fd6cdc223ad62f03e/pyyaml-6.0.3-cp314-cp314-musllinux_1_2_x86_64.whl", hash = "sha256:5190d403f121660ce8d1d2c1bb2ef1bd05b5f68533fc5c2ea899bd15f4399b35", size = 789194, upload-time = "2025-09-25T21:32:43.362Z" },
    { url = "https://files.pythonhosted.org/packages/23/20/bb6982b26a40bb43951265ba29d4c246ef0ff59c9fdcdf0ed04e0687de4d/pyyaml-6.0.3-cp314-cp314-win_amd64.whl", hash = "sha256:4a2e8cebe2ff6ab7d1050ecd59c25d4c8bd7e6f400f5f82b96557ac0abafd0ac", size = 156429, upload-time = "2025-09-25T21:32:57.844Z" },
    { url = "https://files.pythonhosted.org/packages/f4/f4/a4541072bb9422c8a883ab55255f918fa378ecf083f5b85e87fc2b4eda1b/pyyaml-6.0.3-cp314-cp314-win_arm64.whl", hash = "sha256:93dda82c9c22deb0a405ea4dc5f2d0cda384168e466364dec6255b293923b2f3", size = 143912, upload-time = "2025-09-25T21:32:59.247Z" },
    { url = "https://files.pythonhosted.org/packages/7c/f9/07dd09ae774e4616edf6cda684ee78f97777bdd15847253637a6f052a62f/pyyaml-6.0.3-cp314-cp314t-macosx_10_13_x86_64.whl", hash = "sha256:02893d100e99e03eda1c8fd5c441d8c60103fd175728e23e431db1b589cf5ab3", size = 189108, upload-time = "2025-09-25T21:32:44.377Z" },
    { url = "https://files.pythonhosted.org/packages/4e/78/8d08c9fb7ce09ad8c38ad533c1191cf27f7ae1effe5bb9400a46d9437fcf/pyyaml-6.0.3-cp314-cp314t-macosx_11_0_arm64.whl", hash = "sha256:c1ff362665ae507275af2853520967820d9124984e0f7466736aea23d8611fba", size = 183641, upload-time = "2025-09-25T21:32:45.407Z" },
    { url = "https://files.pythonhosted.org/packages/7b/5b/3babb19104a46945cf816d047db2788bcaf8c94527a805610b0289a01c6b/pyyaml-6.0.3-cp314-cp314t-manylinux2014_aarch64.manylinux_2_17_aarch64.manylinux_2_28_aarch64.whl", hash = "sha256:6adc77889b628398debc7b65c073bcb99c4a0237b248cacaf3fe8a557563ef6c", size = 831901, upload-time = "2025-09-25T21:32:48.83Z" },
    { url = "https://files.pythonhosted.org/packages/8b/cc/dff0684d8dc44da4d22a13f35f073d558c268780ce3c6ba1b87055bb0b87/pyyaml-6.0.3-cp314-cp314t-manylinux2014_s390x.manylinux_2_17_s390x.manylinux_2_28_s390x.whl", hash = "sha256:a80cb027f6b349846a3bf6d73b5e95e782175e52f22108cfa17876aaeff93702", size = 861132, upload-time = "2025-09-25T21:32:50.149Z" },
    { url = "https://files.pythonhosted.org/packages/b1/5e/f77dc6b9036943e285ba76b49e118d9ea929885becb0a29ba8a7c75e29fe/pyyaml-6.0.3-cp314-cp314t-manylinux2014_x86_64.manylinux_2_17_x86_64.manylinux_2_28_x86_64.whl", hash = "sha256:00c4bdeba853cc34e7dd471f16b4114f4162dc03e6b7afcc2128711f0eca823c", size = 839261, upload-time = "2025-09-25T21:32:51.808Z" },
    { url = "https://files.pythonhosted.org/packages/ce/88/a9db1376aa2a228197c58b37302f284b5617f56a5d959fd1763fb1675ce6/pyyaml-6.0.3-cp314-cp314t-musllinux_1_2_aarch64.whl", hash = "sha256:66e1674c3ef6f541c35191caae2d429b967b99e02040f5ba928632d9a7f0f065", size = 805272, upload-time = "2025-09-25T21:32:52.941Z" },
    { url = "https://files.pythonhosted.org/packages/da/92/1446574745d74df0c92e6aa4a7b0b3130706a4142b2d1a5869f2eaa423c6/pyyaml-6.0.3-cp314-cp314t-musllinux_1_2_x86_64.whl", hash = "sha256:16249ee61e95f858e83976573de0f5b2893b3677ba71c9dd36b9cf8be9ac6d65", size = 829923, upload-time = "2025-09-25T21:32:54.537Z" },
    { url = "https://files.pythonhosted.org/packages/f0/7a/1c7270340330e575b92f397352af856a8c06f230aa3e76f86b39d01b416a/pyyaml-6.0.3-cp314-cp314t-win_amd64.whl", hash = "sha256:4ad1906908f2f5ae4e5a8ddfce73c320c2a1429ec52eafd27138b7f1cbe341c9", size = 174062, upload-time = "2025-09-25T21:32:55.767Z" },
    { url = "https://files.pythonhosted.org/packages/f1/12/de94a39c2ef588c7e6455cfbe7343d3b2dc9d6b6b2f40c4c6565744c873d/pyyaml-6.0.3-cp314-cp314t-win_arm64.whl", hash = "sha256:ebc55a14a21cb14062aa4162f906cd962b28e2e9ea38f9b4391244cd8de4ae0b", size = 149341, upload-time = "2025-09-25T21:32:56.828Z" },
]
